// !$*UTF8*$!
{
	archiveVersion = 1;
	classes = {
	};
	objectVersion = 77;
	objects = {

/* Begin PBXBuildFile section */
		07ADA51C2D651F8700083DF7 /* AudioKitEX in Frameworks */ = {isa = PBXBuildFile; productRef = 07ADA51B2D651F8700083DF7 /* AudioKitEX */; };
		07ADA5342D6520D200083DF7 /* SoundpipeAudioKit in Frameworks */ = {isa = PBXBuildFile; productRef = 07ADA5332D6520D200083DF7 /* SoundpipeAudioKit */; };
		07C564792D890E99003C5032 /* ZIPFoundation in Frameworks */ = {isa = PBXBuildFile; productRef = 07C564782D890E99003C5032 /* ZIPFoundation */; };
		07DB4DE02D6138C900FFBCF6 /* AudioKit in Frameworks */ = {isa = PBXBuildFile; productRef = 07DB4DDF2D6138C900FFBCF6 /* AudioKit */; };
/* End PBXBuildFile section */

/* Begin PBXContainerItemProxy section */
		234121422D5BB99C00165412 /* PBXContainerItemProxy */ = {
			isa = PBXContainerItemProxy;
			containerPortal = 234121292D5BB99B00165412 /* Project object */;
			proxyType = 1;
			remoteGlobalIDString = 234121302D5BB99B00165412;
			remoteInfo = CAPSTONE;
		};
		2341214C2D5BB99C00165412 /* PBXContainerItemProxy */ = {
			isa = PBXContainerItemProxy;
			containerPortal = 234121292D5BB99B00165412 /* Project object */;
			proxyType = 1;
			remoteGlobalIDString = 234121302D5BB99B00165412;
			remoteInfo = CAPSTONE;
		};
/* End PBXContainerItemProxy section */

/* Begin PBXFileReference section */
		234121312D5BB99B00165412 /* CAPSTONE.app */ = {isa = PBXFileReference; explicitFileType = wrapper.application; includeInIndex = 0; path = CAPSTONE.app; sourceTree = BUILT_PRODUCTS_DIR; };
		234121412D5BB99C00165412 /* CAPSTONETests.xctest */ = {isa = PBXFileReference; explicitFileType = wrapper.cfbundle; includeInIndex = 0; path = CAPSTONETests.xctest; sourceTree = BUILT_PRODUCTS_DIR; };
		2341214B2D5BB99C00165412 /* CAPSTONEUITests.xctest */ = {isa = PBXFileReference; explicitFileType = wrapper.cfbundle; includeInIndex = 0; path = CAPSTONEUITests.xctest; sourceTree = BUILT_PRODUCTS_DIR; };
/* End PBXFileReference section */

/* Begin PBXFileSystemSynchronizedBuildFileExceptionSet section */
		234121632D5BD4EF00165412 /* Exceptions for "CAPSTONE" folder in "CAPSTONE" target */ = {
			isa = PBXFileSystemSynchronizedBuildFileExceptionSet;
			membershipExceptions = (
				Info.plist,
			);
			target = 234121302D5BB99B00165412 /* CAPSTONE */;
		};
/* End PBXFileSystemSynchronizedBuildFileExceptionSet section */

/* Begin PBXFileSystemSynchronizedRootGroup section */
		234121332D5BB99B00165412 /* CAPSTONE */ = {
			isa = PBXFileSystemSynchronizedRootGroup;
			exceptions = (
				234121632D5BD4EF00165412 /* Exceptions for "CAPSTONE" folder in "CAPSTONE" target */,
			);
			path = CAPSTONE;
			sourceTree = "<group>";
		};
		234121442D5BB99C00165412 /* CAPSTONETests */ = {
			isa = PBXFileSystemSynchronizedRootGroup;
			path = CAPSTONETests;
			sourceTree = "<group>";
		};
		2341214E2D5BB99C00165412 /* CAPSTONEUITests */ = {
			isa = PBXFileSystemSynchronizedRootGroup;
			path = CAPSTONEUITests;
			sourceTree = "<group>";
		};
/* End PBXFileSystemSynchronizedRootGroup section */

/* Begin PBXFrameworksBuildPhase section */
		2341212E2D5BB99B00165412 /* Frameworks */ = {
			isa = PBXFrameworksBuildPhase;
			buildActionMask = 2147483647;
			files = (
				07DB4DE02D6138C900FFBCF6 /* AudioKit in Frameworks */,
				07ADA51C2D651F8700083DF7 /* AudioKitEX in Frameworks */,
				07ADA5342D6520D200083DF7 /* SoundpipeAudioKit in Frameworks */,
				07C564792D890E99003C5032 /* ZIPFoundation in Frameworks */,
			);
			runOnlyForDeploymentPostprocessing = 0;
		};
		2341213E2D5BB99C00165412 /* Frameworks */ = {
			isa = PBXFrameworksBuildPhase;
			buildActionMask = 2147483647;
			files = (
			);
			runOnlyForDeploymentPostprocessing = 0;
		};
		234121482D5BB99C00165412 /* Frameworks */ = {
			isa = PBXFrameworksBuildPhase;
			buildActionMask = 2147483647;
			files = (
			);
			runOnlyForDeploymentPostprocessing = 0;
		};
/* End PBXFrameworksBuildPhase section */

/* Begin PBXGroup section */
		234121282D5BB99B00165412 = {
			isa = PBXGroup;
			children = (
				234121332D5BB99B00165412 /* CAPSTONE */,
				2341214E2D5BB99C00165412 /* CAPSTONEUITests */,
				234121442D5BB99C00165412 /* CAPSTONETests */,
				234121322D5BB99B00165412 /* Products */,
			);
			sourceTree = "<group>";
		};
		234121322D5BB99B00165412 /* Products */ = {
			isa = PBXGroup;
			children = (
				234121312D5BB99B00165412 /* CAPSTONE.app */,
				234121412D5BB99C00165412 /* CAPSTONETests.xctest */,
				2341214B2D5BB99C00165412 /* CAPSTONEUITests.xctest */,
			);
			name = Products;
			sourceTree = "<group>";
		};
/* End PBXGroup section */

/* Begin PBXNativeTarget section */
		234121302D5BB99B00165412 /* CAPSTONE */ = {
			isa = PBXNativeTarget;
			buildConfigurationList = 234121552D5BB99C00165412 /* Build configuration list for PBXNativeTarget "CAPSTONE" */;
			buildPhases = (
				2341212D2D5BB99B00165412 /* Sources */,
				2341212E2D5BB99B00165412 /* Frameworks */,
				2341212F2D5BB99B00165412 /* Resources */,
			);
			buildRules = (
			);
			dependencies = (
			);
			fileSystemSynchronizedGroups = (
				234121332D5BB99B00165412 /* CAPSTONE */,
			);
			name = CAPSTONE;
			packageProductDependencies = (
				07DB4DDF2D6138C900FFBCF6 /* AudioKit */,
				07ADA51B2D651F8700083DF7 /* AudioKitEX */,
				07ADA5332D6520D200083DF7 /* SoundpipeAudioKit */,
				07C564782D890E99003C5032 /* ZIPFoundation */,
			);
			productName = CAPSTONE;
			productReference = 234121312D5BB99B00165412 /* CAPSTONE.app */;
			productType = "com.apple.product-type.application";
		};
		234121402D5BB99C00165412 /* CAPSTONETests */ = {
			isa = PBXNativeTarget;
			buildConfigurationList = 234121582D5BB99C00165412 /* Build configuration list for PBXNativeTarget "CAPSTONETests" */;
			buildPhases = (
				2341213D2D5BB99C00165412 /* Sources */,
				2341213E2D5BB99C00165412 /* Frameworks */,
				2341213F2D5BB99C00165412 /* Resources */,
			);
			buildRules = (
			);
			dependencies = (
				234121432D5BB99C00165412 /* PBXTargetDependency */,
			);
			fileSystemSynchronizedGroups = (
				234121442D5BB99C00165412 /* CAPSTONETests */,
			);
			name = CAPSTONETests;
			packageProductDependencies = (
			);
			productName = CAPSTONETests;
			productReference = 234121412D5BB99C00165412 /* CAPSTONETests.xctest */;
			productType = "com.apple.product-type.bundle.unit-test";
		};
		2341214A2D5BB99C00165412 /* CAPSTONEUITests */ = {
			isa = PBXNativeTarget;
			buildConfigurationList = 2341215B2D5BB99C00165412 /* Build configuration list for PBXNativeTarget "CAPSTONEUITests" */;
			buildPhases = (
				234121472D5BB99C00165412 /* Sources */,
				234121482D5BB99C00165412 /* Frameworks */,
				234121492D5BB99C00165412 /* Resources */,
			);
			buildRules = (
			);
			dependencies = (
				2341214D2D5BB99C00165412 /* PBXTargetDependency */,
			);
			fileSystemSynchronizedGroups = (
				2341214E2D5BB99C00165412 /* CAPSTONEUITests */,
			);
			name = CAPSTONEUITests;
			packageProductDependencies = (
			);
			productName = CAPSTONEUITests;
			productReference = 2341214B2D5BB99C00165412 /* CAPSTONEUITests.xctest */;
			productType = "com.apple.product-type.bundle.ui-testing";
		};
/* End PBXNativeTarget section */

/* Begin PBXProject section */
		234121292D5BB99B00165412 /* Project object */ = {
			isa = PBXProject;
			attributes = {
				BuildIndependentTargetsInParallel = 1;
				LastSwiftUpdateCheck = 1620;
				LastUpgradeCheck = 1620;
				TargetAttributes = {
					234121302D5BB99B00165412 = {
						CreatedOnToolsVersion = 16.2;
					};
					234121402D5BB99C00165412 = {
						CreatedOnToolsVersion = 16.2;
						TestTargetID = 234121302D5BB99B00165412;
					};
					2341214A2D5BB99C00165412 = {
						CreatedOnToolsVersion = 16.2;
						TestTargetID = 234121302D5BB99B00165412;
					};
				};
			};
			buildConfigurationList = 2341212C2D5BB99B00165412 /* Build configuration list for PBXProject "CAPSTONE" */;
			developmentRegion = en;
			hasScannedForEncodings = 0;
			knownRegions = (
				en,
				Base,
			);
			mainGroup = 234121282D5BB99B00165412;
			minimizedProjectReferenceProxies = 1;
			packageReferences = (
				07DB4DDE2D6138C900FFBCF6 /* XCRemoteSwiftPackageReference "AudioKit" */,
				07ADA51A2D651F8700083DF7 /* XCRemoteSwiftPackageReference "AudioKitEX" */,
				07ADA5322D6520D200083DF7 /* XCRemoteSwiftPackageReference "SoundpipeAudioKit" */,
				07C564772D890BC0003C5032 /* XCRemoteSwiftPackageReference "ZIPFoundation" */,
			);
			preferredProjectObjectVersion = 77;
			productRefGroup = 234121322D5BB99B00165412 /* Products */;
			projectDirPath = "";
			projectRoot = "";
			targets = (
				234121302D5BB99B00165412 /* CAPSTONE */,
				234121402D5BB99C00165412 /* CAPSTONETests */,
				2341214A2D5BB99C00165412 /* CAPSTONEUITests */,
			);
		};
/* End PBXProject section */

/* Begin PBXResourcesBuildPhase section */
		2341212F2D5BB99B00165412 /* Resources */ = {
			isa = PBXResourcesBuildPhase;
			buildActionMask = 2147483647;
			files = (
			);
			runOnlyForDeploymentPostprocessing = 0;
		};
		2341213F2D5BB99C00165412 /* Resources */ = {
			isa = PBXResourcesBuildPhase;
			buildActionMask = 2147483647;
			files = (
			);
			runOnlyForDeploymentPostprocessing = 0;
		};
		234121492D5BB99C00165412 /* Resources */ = {
			isa = PBXResourcesBuildPhase;
			buildActionMask = 2147483647;
			files = (
			);
			runOnlyForDeploymentPostprocessing = 0;
		};
/* End PBXResourcesBuildPhase section */

/* Begin PBXSourcesBuildPhase section */
		2341212D2D5BB99B00165412 /* Sources */ = {
			isa = PBXSourcesBuildPhase;
			buildActionMask = 2147483647;
			files = (
			);
			runOnlyForDeploymentPostprocessing = 0;
		};
		2341213D2D5BB99C00165412 /* Sources */ = {
			isa = PBXSourcesBuildPhase;
			buildActionMask = 2147483647;
			files = (
			);
			runOnlyForDeploymentPostprocessing = 0;
		};
		234121472D5BB99C00165412 /* Sources */ = {
			isa = PBXSourcesBuildPhase;
			buildActionMask = 2147483647;
			files = (
			);
			runOnlyForDeploymentPostprocessing = 0;
		};
/* End PBXSourcesBuildPhase section */

/* Begin PBXTargetDependency section */
		234121432D5BB99C00165412 /* PBXTargetDependency */ = {
			isa = PBXTargetDependency;
			target = 234121302D5BB99B00165412 /* CAPSTONE */;
			targetProxy = 234121422D5BB99C00165412 /* PBXContainerItemProxy */;
		};
		2341214D2D5BB99C00165412 /* PBXTargetDependency */ = {
			isa = PBXTargetDependency;
			target = 234121302D5BB99B00165412 /* CAPSTONE */;
			targetProxy = 2341214C2D5BB99C00165412 /* PBXContainerItemProxy */;
		};
/* End PBXTargetDependency section */

/* Begin XCBuildConfiguration section */
		234121532D5BB99C00165412 /* Debug */ = {
			isa = XCBuildConfiguration;
			buildSettings = {
				ALWAYS_SEARCH_USER_PATHS = NO;
				ASSETCATALOG_COMPILER_GENERATE_SWIFT_ASSET_SYMBOL_EXTENSIONS = YES;
				CLANG_ANALYZER_NONNULL = YES;
				CLANG_ANALYZER_NUMBER_OBJECT_CONVERSION = YES_AGGRESSIVE;
				CLANG_CXX_LANGUAGE_STANDARD = "gnu++20";
				CLANG_ENABLE_MODULES = YES;
				CLANG_ENABLE_OBJC_ARC = YES;
				CLANG_ENABLE_OBJC_WEAK = YES;
				CLANG_WARN_BLOCK_CAPTURE_AUTORELEASING = YES;
				CLANG_WARN_BOOL_CONVERSION = YES;
				CLANG_WARN_COMMA = YES;
				CLANG_WARN_CONSTANT_CONVERSION = YES;
				CLANG_WARN_DEPRECATED_OBJC_IMPLEMENTATIONS = YES;
				CLANG_WARN_DIRECT_OBJC_ISA_USAGE = YES_ERROR;
				CLANG_WARN_DOCUMENTATION_COMMENTS = YES;
				CLANG_WARN_EMPTY_BODY = YES;
				CLANG_WARN_ENUM_CONVERSION = YES;
				CLANG_WARN_INFINITE_RECURSION = YES;
				CLANG_WARN_INT_CONVERSION = YES;
				CLANG_WARN_NON_LITERAL_NULL_CONVERSION = YES;
				CLANG_WARN_OBJC_IMPLICIT_RETAIN_SELF = YES;
				CLANG_WARN_OBJC_LITERAL_CONVERSION = YES;
				CLANG_WARN_OBJC_ROOT_CLASS = YES_ERROR;
				CLANG_WARN_QUOTED_INCLUDE_IN_FRAMEWORK_HEADER = YES;
				CLANG_WARN_RANGE_LOOP_ANALYSIS = YES;
				CLANG_WARN_STRICT_PROTOTYPES = YES;
				CLANG_WARN_SUSPICIOUS_MOVE = YES;
				CLANG_WARN_UNGUARDED_AVAILABILITY = YES_AGGRESSIVE;
				CLANG_WARN_UNREACHABLE_CODE = YES;
				CLANG_WARN__DUPLICATE_METHOD_MATCH = YES;
				COPY_PHASE_STRIP = NO;
				DEBUG_INFORMATION_FORMAT = dwarf;
				ENABLE_STRICT_OBJC_MSGSEND = YES;
				ENABLE_TESTABILITY = YES;
				ENABLE_USER_SCRIPT_SANDBOXING = YES;
				GCC_C_LANGUAGE_STANDARD = gnu17;
				GCC_DYNAMIC_NO_PIC = NO;
				GCC_NO_COMMON_BLOCKS = YES;
				GCC_OPTIMIZATION_LEVEL = 0;
				GCC_PREPROCESSOR_DEFINITIONS = (
					"DEBUG=1",
					"$(inherited)",
				);
				GCC_WARN_64_TO_32_BIT_CONVERSION = YES;
				GCC_WARN_ABOUT_RETURN_TYPE = YES_ERROR;
				GCC_WARN_UNDECLARED_SELECTOR = YES;
				GCC_WARN_UNINITIALIZED_AUTOS = YES_AGGRESSIVE;
				GCC_WARN_UNUSED_FUNCTION = YES;
				GCC_WARN_UNUSED_VARIABLE = YES;
				IPHONEOS_DEPLOYMENT_TARGET = 18.2;
				LOCALIZATION_PREFERS_STRING_CATALOGS = YES;
				MTL_ENABLE_DEBUG_INFO = INCLUDE_SOURCE;
				MTL_FAST_MATH = YES;
				ONLY_ACTIVE_ARCH = YES;
				SDKROOT = iphoneos;
				SWIFT_ACTIVE_COMPILATION_CONDITIONS = "DEBUG $(inherited)";
				SWIFT_OPTIMIZATION_LEVEL = "-Onone";
			};
			name = Debug;
		};
		234121542D5BB99C00165412 /* Release */ = {
			isa = XCBuildConfiguration;
			buildSettings = {
				ALWAYS_SEARCH_USER_PATHS = NO;
				ASSETCATALOG_COMPILER_GENERATE_SWIFT_ASSET_SYMBOL_EXTENSIONS = YES;
				CLANG_ANALYZER_NONNULL = YES;
				CLANG_ANALYZER_NUMBER_OBJECT_CONVERSION = YES_AGGRESSIVE;
				CLANG_CXX_LANGUAGE_STANDARD = "gnu++20";
				CLANG_ENABLE_MODULES = YES;
				CLANG_ENABLE_OBJC_ARC = YES;
				CLANG_ENABLE_OBJC_WEAK = YES;
				CLANG_WARN_BLOCK_CAPTURE_AUTORELEASING = YES;
				CLANG_WARN_BOOL_CONVERSION = YES;
				CLANG_WARN_COMMA = YES;
				CLANG_WARN_CONSTANT_CONVERSION = YES;
				CLANG_WARN_DEPRECATED_OBJC_IMPLEMENTATIONS = YES;
				CLANG_WARN_DIRECT_OBJC_ISA_USAGE = YES_ERROR;
				CLANG_WARN_DOCUMENTATION_COMMENTS = YES;
				CLANG_WARN_EMPTY_BODY = YES;
				CLANG_WARN_ENUM_CONVERSION = YES;
				CLANG_WARN_INFINITE_RECURSION = YES;
				CLANG_WARN_INT_CONVERSION = YES;
				CLANG_WARN_NON_LITERAL_NULL_CONVERSION = YES;
				CLANG_WARN_OBJC_IMPLICIT_RETAIN_SELF = YES;
				CLANG_WARN_OBJC_LITERAL_CONVERSION = YES;
				CLANG_WARN_OBJC_ROOT_CLASS = YES_ERROR;
				CLANG_WARN_QUOTED_INCLUDE_IN_FRAMEWORK_HEADER = YES;
				CLANG_WARN_RANGE_LOOP_ANALYSIS = YES;
				CLANG_WARN_STRICT_PROTOTYPES = YES;
				CLANG_WARN_SUSPICIOUS_MOVE = YES;
				CLANG_WARN_UNGUARDED_AVAILABILITY = YES_AGGRESSIVE;
				CLANG_WARN_UNREACHABLE_CODE = YES;
				CLANG_WARN__DUPLICATE_METHOD_MATCH = YES;
				COPY_PHASE_STRIP = NO;
				DEBUG_INFORMATION_FORMAT = "dwarf-with-dsym";
				ENABLE_NS_ASSERTIONS = NO;
				ENABLE_STRICT_OBJC_MSGSEND = YES;
				ENABLE_USER_SCRIPT_SANDBOXING = YES;
				GCC_C_LANGUAGE_STANDARD = gnu17;
				GCC_NO_COMMON_BLOCKS = YES;
				GCC_WARN_64_TO_32_BIT_CONVERSION = YES;
				GCC_WARN_ABOUT_RETURN_TYPE = YES_ERROR;
				GCC_WARN_UNDECLARED_SELECTOR = YES;
				GCC_WARN_UNINITIALIZED_AUTOS = YES_AGGRESSIVE;
				GCC_WARN_UNUSED_FUNCTION = YES;
				GCC_WARN_UNUSED_VARIABLE = YES;
				IPHONEOS_DEPLOYMENT_TARGET = 18.2;
				LOCALIZATION_PREFERS_STRING_CATALOGS = YES;
				MTL_ENABLE_DEBUG_INFO = NO;
				MTL_FAST_MATH = YES;
				SDKROOT = iphoneos;
				SWIFT_COMPILATION_MODE = wholemodule;
				VALIDATE_PRODUCT = YES;
			};
			name = Release;
		};
		234121562D5BB99C00165412 /* Debug */ = {
			isa = XCBuildConfiguration;
			buildSettings = {
				ASSETCATALOG_COMPILER_APPICON_NAME = AppIcon;
				ASSETCATALOG_COMPILER_GLOBAL_ACCENT_COLOR_NAME = AccentColor;
				CODE_SIGN_STYLE = Automatic;
				CURRENT_PROJECT_VERSION = 1;
				DEVELOPMENT_ASSET_PATHS = "\"CAPSTONE/Preview Content\"";
				DEVELOPMENT_TEAM = Z93DL5B7LF;
				ENABLE_PREVIEWS = YES;
				GENERATE_INFOPLIST_FILE = YES;
				INFOPLIST_FILE = CAPSTONE/Info.plist;
				INFOPLIST_KEY_NSCameraUsageDescription = "";
				INFOPLIST_KEY_NSLocationAlwaysAndWhenInUseUsageDescription = "This app collects location data both in the foreground and background to provide uninterrupted GPS tracking for accurate event detection and analysis.";
				INFOPLIST_KEY_NSLocationAlwaysUsageDescription = "This app needs access to your location at all times to continuously capture GPS data for real-time event detection, even when running in the background.";
				INFOPLIST_KEY_NSLocationWhenInUseUsageDescription = "This app uses your location to detect nearby events and enhance your user experience while you’re using the app.";
				INFOPLIST_KEY_NSMicrophoneUsageDescription = "We need microphone access to record audio.";
				INFOPLIST_KEY_NSMotionUsageDescription = YES;
				INFOPLIST_KEY_UIApplicationSceneManifest_Generation = YES;
				INFOPLIST_KEY_UIApplicationSupportsIndirectInputEvents = YES;
				INFOPLIST_KEY_UILaunchScreen_Generation = YES;
				INFOPLIST_KEY_UISupportedInterfaceOrientations_iPad = "UIInterfaceOrientationPortrait UIInterfaceOrientationPortraitUpsideDown UIInterfaceOrientationLandscapeLeft UIInterfaceOrientationLandscapeRight";
				INFOPLIST_KEY_UISupportedInterfaceOrientations_iPhone = "UIInterfaceOrientationPortrait UIInterfaceOrientationLandscapeLeft UIInterfaceOrientationLandscapeRight";
				IPHONEOS_DEPLOYMENT_TARGET = 17.6;
				LD_RUNPATH_SEARCH_PATHS = (
					"$(inherited)",
					"@executable_path/Frameworks",
				);
				MARKETING_VERSION = 1.0;
				PRODUCT_BUNDLE_IDENTIFIER = com.sakhee.capstone;
				PRODUCT_NAME = "$(TARGET_NAME)";
				SWIFT_EMIT_LOC_STRINGS = YES;
				SWIFT_VERSION = 5.0;
				TARGETED_DEVICE_FAMILY = "1,2";
			};
			name = Debug;
		};
		234121572D5BB99C00165412 /* Release */ = {
			isa = XCBuildConfiguration;
			buildSettings = {
				ASSETCATALOG_COMPILER_APPICON_NAME = AppIcon;
				ASSETCATALOG_COMPILER_GLOBAL_ACCENT_COLOR_NAME = AccentColor;
				CODE_SIGN_STYLE = Automatic;
				CURRENT_PROJECT_VERSION = 1;
				DEVELOPMENT_ASSET_PATHS = "\"CAPSTONE/Preview Content\"";
				DEVELOPMENT_TEAM = Z93DL5B7LF;
				ENABLE_PREVIEWS = YES;
				GENERATE_INFOPLIST_FILE = YES;
				INFOPLIST_FILE = CAPSTONE/Info.plist;
				INFOPLIST_KEY_NSCameraUsageDescription = "";
				INFOPLIST_KEY_NSLocationAlwaysAndWhenInUseUsageDescription = "This app collects location data both in the foreground and background to provide uninterrupted GPS tracking for accurate event detection and analysis.";
				INFOPLIST_KEY_NSLocationAlwaysUsageDescription = "This app needs access to your location at all times to continuously capture GPS data for real-time event detection, even when running in the background.";
				INFOPLIST_KEY_NSLocationWhenInUseUsageDescription = "This app uses your location to detect nearby events and enhance your user experience while you’re using the app.";
				INFOPLIST_KEY_NSMicrophoneUsageDescription = "We need microphone access to record audio.";
				INFOPLIST_KEY_NSMotionUsageDescription = YES;
				INFOPLIST_KEY_UIApplicationSceneManifest_Generation = YES;
				INFOPLIST_KEY_UIApplicationSupportsIndirectInputEvents = YES;
				INFOPLIST_KEY_UILaunchScreen_Generation = YES;
				INFOPLIST_KEY_UISupportedInterfaceOrientations_iPad = "UIInterfaceOrientationPortrait UIInterfaceOrientationPortraitUpsideDown UIInterfaceOrientationLandscapeLeft UIInterfaceOrientationLandscapeRight";
				INFOPLIST_KEY_UISupportedInterfaceOrientations_iPhone = "UIInterfaceOrientationPortrait UIInterfaceOrientationLandscapeLeft UIInterfaceOrientationLandscapeRight";
				IPHONEOS_DEPLOYMENT_TARGET = 17.6;
				LD_RUNPATH_SEARCH_PATHS = (
					"$(inherited)",
					"@executable_path/Frameworks",
				);
				MARKETING_VERSION = 1.0;
				PRODUCT_BUNDLE_IDENTIFIER = com.sakhee.capstone;
				PRODUCT_NAME = "$(TARGET_NAME)";
				SWIFT_EMIT_LOC_STRINGS = YES;
				SWIFT_VERSION = 5.0;
				TARGETED_DEVICE_FAMILY = "1,2";
			};
			name = Release;
		};
		234121592D5BB99C00165412 /* Debug */ = {
			isa = XCBuildConfiguration;
			buildSettings = {
				BUNDLE_LOADER = "$(TEST_HOST)";
				CODE_SIGN_STYLE = Automatic;
				CURRENT_PROJECT_VERSION = 1;
				GENERATE_INFOPLIST_FILE = YES;
				IPHONEOS_DEPLOYMENT_TARGET = 18.2;
				MARKETING_VERSION = 1.0;
				PRODUCT_BUNDLE_IDENTIFIER = udel.CAPSTONETests;
				PRODUCT_NAME = "$(TARGET_NAME)";
				SWIFT_EMIT_LOC_STRINGS = NO;
				SWIFT_VERSION = 5.0;
				TARGETED_DEVICE_FAMILY = "1,2";
				TEST_HOST = "$(BUILT_PRODUCTS_DIR)/CAPSTONE.app/$(BUNDLE_EXECUTABLE_FOLDER_PATH)/CAPSTONE";
			};
			name = Debug;
		};
		2341215A2D5BB99C00165412 /* Release */ = {
			isa = XCBuildConfiguration;
			buildSettings = {
				BUNDLE_LOADER = "$(TEST_HOST)";
				CODE_SIGN_STYLE = Automatic;
				CURRENT_PROJECT_VERSION = 1;
				GENERATE_INFOPLIST_FILE = YES;
				IPHONEOS_DEPLOYMENT_TARGET = 18.2;
				MARKETING_VERSION = 1.0;
				PRODUCT_BUNDLE_IDENTIFIER = udel.CAPSTONETests;
				PRODUCT_NAME = "$(TARGET_NAME)";
				SWIFT_EMIT_LOC_STRINGS = NO;
				SWIFT_VERSION = 5.0;
				TARGETED_DEVICE_FAMILY = "1,2";
				TEST_HOST = "$(BUILT_PRODUCTS_DIR)/CAPSTONE.app/$(BUNDLE_EXECUTABLE_FOLDER_PATH)/CAPSTONE";
			};
			name = Release;
		};
		2341215C2D5BB99C00165412 /* Debug */ = {
			isa = XCBuildConfiguration;
			buildSettings = {
				CODE_SIGN_STYLE = Automatic;
				CURRENT_PROJECT_VERSION = 1;
				GENERATE_INFOPLIST_FILE = YES;
				MARKETING_VERSION = 1.0;
				PRODUCT_BUNDLE_IDENTIFIER = udel.CAPSTONEUITests;
				PRODUCT_NAME = "$(TARGET_NAME)";
				SWIFT_EMIT_LOC_STRINGS = NO;
				SWIFT_VERSION = 5.0;
				TARGETED_DEVICE_FAMILY = "1,2";
				TEST_TARGET_NAME = CAPSTONE;
			};
			name = Debug;
		};
		2341215D2D5BB99C00165412 /* Release */ = {
			isa = XCBuildConfiguration;
			buildSettings = {
				CODE_SIGN_STYLE = Automatic;
				CURRENT_PROJECT_VERSION = 1;
				GENERATE_INFOPLIST_FILE = YES;
				MARKETING_VERSION = 1.0;
				PRODUCT_BUNDLE_IDENTIFIER = udel.CAPSTONEUITests;
				PRODUCT_NAME = "$(TARGET_NAME)";
				SWIFT_EMIT_LOC_STRINGS = NO;
				SWIFT_VERSION = 5.0;
				TARGETED_DEVICE_FAMILY = "1,2";
				TEST_TARGET_NAME = CAPSTONE;
			};
			name = Release;
		};
/* End XCBuildConfiguration section */

/* Begin XCConfigurationList section */
		2341212C2D5BB99B00165412 /* Build configuration list for PBXProject "CAPSTONE" */ = {
			isa = XCConfigurationList;
			buildConfigurations = (
				234121532D5BB99C00165412 /* Debug */,
				234121542D5BB99C00165412 /* Release */,
			);
			defaultConfigurationIsVisible = 0;
			defaultConfigurationName = Release;
		};
		234121552D5BB99C00165412 /* Build configuration list for PBXNativeTarget "CAPSTONE" */ = {
			isa = XCConfigurationList;
			buildConfigurations = (
				234121562D5BB99C00165412 /* Debug */,
				234121572D5BB99C00165412 /* Release */,
			);
			defaultConfigurationIsVisible = 0;
			defaultConfigurationName = Release;
		};
		234121582D5BB99C00165412 /* Build configuration list for PBXNativeTarget "CAPSTONETests" */ = {
			isa = XCConfigurationList;
			buildConfigurations = (
				234121592D5BB99C00165412 /* Debug */,
				2341215A2D5BB99C00165412 /* Release */,
			);
			defaultConfigurationIsVisible = 0;
			defaultConfigurationName = Release;
		};
		2341215B2D5BB99C00165412 /* Build configuration list for PBXNativeTarget "CAPSTONEUITests" */ = {
			isa = XCConfigurationList;
			buildConfigurations = (
				2341215C2D5BB99C00165412 /* Debug */,
				2341215D2D5BB99C00165412 /* Release */,
			);
			defaultConfigurationIsVisible = 0;
			defaultConfigurationName = Release;
		};
/* End XCConfigurationList section */

/* Begin XCRemoteSwiftPackageReference section */
		07ADA51A2D651F8700083DF7 /* XCRemoteSwiftPackageReference "AudioKitEX" */ = {
			isa = XCRemoteSwiftPackageReference;
			repositoryURL = "https://github.com/AudioKit/AudioKitEX.git";
			requirement = {
				kind = upToNextMajorVersion;
				minimumVersion = 5.6.1;
			};
		};
		07ADA5322D6520D200083DF7 /* XCRemoteSwiftPackageReference "SoundpipeAudioKit" */ = {
			isa = XCRemoteSwiftPackageReference;
			repositoryURL = "https://github.com/AudioKit/SoundpipeAudioKit.git";
			requirement = {
				kind = upToNextMajorVersion;
				minimumVersion = 5.6.1;
			};
		};
		07C564772D890BC0003C5032 /* XCRemoteSwiftPackageReference "ZIPFoundation" */ = {
			isa = XCRemoteSwiftPackageReference;
			repositoryURL = "https://github.com/weichsel/ZIPFoundation";
			requirement = {
				kind = upToNextMajorVersion;
				minimumVersion = 0.9.19;
			};
		};
		07DB4DDE2D6138C900FFBCF6 /* XCRemoteSwiftPackageReference "AudioKit" */ = {
			isa = XCRemoteSwiftPackageReference;
			repositoryURL = "https://github.com/AudioKit/AudioKit.git";
			requirement = {
				kind = upToNextMajorVersion;
				minimumVersion = 5.6.4;
			};
		};
/* End XCRemoteSwiftPackageReference section */

/* Begin XCSwiftPackageProductDependency section */
		07ADA51B2D651F8700083DF7 /* AudioKitEX */ = {
			isa = XCSwiftPackageProductDependency;
			package = 07ADA51A2D651F8700083DF7 /* XCRemoteSwiftPackageReference "AudioKitEX" */;
			productName = AudioKitEX;
		};
		07ADA5332D6520D200083DF7 /* SoundpipeAudioKit */ = {
			isa = XCSwiftPackageProductDependency;
			package = 07ADA5322D6520D200083DF7 /* XCRemoteSwiftPackageReference "SoundpipeAudioKit" */;
			productName = SoundpipeAudioKit;
		};
		07C564782D890E99003C5032 /* ZIPFoundation */ = {
			isa = XCSwiftPackageProductDependency;
			package = 07C564772D890BC0003C5032 /* XCRemoteSwiftPackageReference "ZIPFoundation" */;
			productName = ZIPFoundation;
		};
		07DB4DDF2D6138C900FFBCF6 /* AudioKit */ = {
			isa = XCSwiftPackageProductDependency;
			package = 07DB4DDE2D6138C900FFBCF6 /* XCRemoteSwiftPackageReference "AudioKit" */;
			productName = AudioKit;
		};
/* End XCSwiftPackageProductDependency section */
	};
	rootObject = 234121292D5BB99B00165412 /* Project object */;
}
